
Microsoft Visual Studio Solution File, Format Version 12.00
# Visual Studio Version 17
VisualStudioVersion = 17.0.31903.59
MinimumVisualStudioVersion = 10.0.40219.1
Project("{2150E333-8FDC-42A3-9474-1A3956D46DE8}") = "Algorithms", "Algorithms", "{2DA4C126-50B9-4C84-9654-AFAB22C16A3C}"
EndProject
Project("{FAE04EC0-301F-11D3-BF4B-00C04F79EFBC}") = "BinarySearch", "Algorithms\BinarySearch\BinarySearch.csproj", "{927EA1A0-9BC4-4B94-A13C-34851C4502C5}"
EndProject
Project("{FAE04EC0-301F-11D3-BF4B-00C04F79EFBC}") = "Breadth-first", "Algorithms\Breadth-first\Breadth-first.csproj", "{FCC0D59F-110F-4E8B-A5F2-F321F64ED7F7}"
EndProject
Project("{FAE04EC0-301F-11D3-BF4B-00C04F79EFBC}") = "Depth-first", "Algorithms\Depth-first\Depth-first.csproj", "{D75C2342-1667-493A-B4C9-C7ECD0F7A8C3}"
EndProject
Project("{FAE04EC0-301F-11D3-BF4B-00C04F79EFBC}") = "MergeSort", "Algorithms\MergeSort\MergeSort.csproj", "{6A4051D8-1382-4C30-9F5A-F54E1CC62A9D}"
EndProject
Global
	GlobalSection(SolutionConfigurationPlatforms) = preSolution
		Debug|Any CPU = Debug|Any CPU
		Release|Any CPU = Release|Any CPU
	EndGlobalSection
	GlobalSection(SolutionProperties) = preSolution
		HideSolutionNode = FALSE
	EndGlobalSection
	GlobalSection(ProjectConfigurationPlatforms) = postSolution
		{927EA1A0-9BC4-4B94-A13C-34851C4502C5}.Debug|Any CPU.ActiveCfg = Debug|Any CPU
		{927EA1A0-9BC4-4B94-A13C-34851C4502C5}.Debug|Any CPU.Build.0 = Debug|Any CPU
		{927EA1A0-9BC4-4B94-A13C-34851C4502C5}.Release|Any CPU.ActiveCfg = Release|Any CPU
		{927EA1A0-9BC4-4B94-A13C-34851C4502C5}.Release|Any CPU.Build.0 = Release|Any CPU
		{FCC0D59F-110F-4E8B-A5F2-F321F64ED7F7}.Debug|Any CPU.ActiveCfg = Debug|Any CPU
		{FCC0D59F-110F-4E8B-A5F2-F321F64ED7F7}.Debug|Any CPU.Build.0 = Debug|Any CPU
		{FCC0D59F-110F-4E8B-A5F2-F321F64ED7F7}.Release|Any CPU.ActiveCfg = Release|Any CPU
		{FCC0D59F-110F-4E8B-A5F2-F321F64ED7F7}.Release|Any CPU.Build.0 = Release|Any CPU
		{D75C2342-1667-493A-B4C9-C7ECD0F7A8C3}.Debug|Any CPU.ActiveCfg = Debug|Any CPU
		{D75C2342-1667-493A-B4C9-C7ECD0F7A8C3}.Debug|Any CPU.Build.0 = Debug|Any CPU
		{D75C2342-1667-493A-B4C9-C7ECD0F7A8C3}.Release|Any CPU.ActiveCfg = Release|Any CPU
		{D75C2342-1667-493A-B4C9-C7ECD0F7A8C3}.Release|Any CPU.Build.0 = Release|Any CPU
		{6A4051D8-1382-4C30-9F5A-F54E1CC62A9D}.Debug|Any CPU.ActiveCfg = Debug|Any CPU
		{6A4051D8-1382-4C30-9F5A-F54E1CC62A9D}.Debug|Any CPU.Build.0 = Debug|Any CPU
		{6A4051D8-1382-4C30-9F5A-F54E1CC62A9D}.Release|Any CPU.ActiveCfg = Release|Any CPU
		{6A4051D8-1382-4C30-9F5A-F54E1CC62A9D}.Release|Any CPU.Build.0 = Release|Any CPU
	EndGlobalSection
	GlobalSection(NestedProjects) = preSolution
		{927EA1A0-9BC4-4B94-A13C-34851C4502C5} = {2DA4C126-50B9-4C84-9654-AFAB22C16A3C}
		{FCC0D59F-110F-4E8B-A5F2-F321F64ED7F7} = {2DA4C126-50B9-4C84-9654-AFAB22C16A3C}
		{D75C2342-1667-493A-B4C9-C7ECD0F7A8C3} = {2DA4C126-50B9-4C84-9654-AFAB22C16A3C}
		{6A4051D8-1382-4C30-9F5A-F54E1CC62A9D} = {2DA4C126-50B9-4C84-9654-AFAB22C16A3C}
	EndGlobalSection
EndGlobal
